
Microsoft Visual Studio Solution File, Format Version 11.00
# Visual Studio 2010
Project("{8BC9CEB8-8B4A-11D0-8D11-00A0C91BC942}") = "150207_CarPictures", "150207_CarPictures\150207_CarPictures.vcxproj", "{AEB0BA34-354C-4F5B-A31D-E08ABCB7E217}"
EndProject
Global
	GlobalSection(SolutionConfigurationPlatforms) = preSolution
		Debug|Win32 = Debug|Win32
		Debug|x64 = Debug|x64
		Release|Win32 = Release|Win32
		Release|x64 = Release|x64
	EndGlobalSection
	GlobalSection(ProjectConfigurationPlatforms) = postSolution
		{AEB0BA34-354C-4F5B-A31D-E08ABCB7E217}.Debug|Win32.ActiveCfg = Debug|Win32
		{AEB0BA34-354C-4F5B-A31D-E08ABCB7E217}.Debug|Win32.Build.0 = Debug|Win32
		{AEB0BA34-354C-4F5B-A31D-E08ABCB7E217}.Debug|x64.ActiveCfg = Debug|x64
		{AEB0BA34-354C-4F5B-A31D-E08ABCB7E217}.Debug|x64.Build.0 = Debug|x64
		{AEB0BA34-354C-4F5B-A31D-E08ABCB7E217}.Release|Win32.ActiveCfg = Release|Win32
		{AEB0BA34-354C-4F5B-A31D-E08ABCB7E217}.Release|Win32.Build.0 = Release|Win32
		{AEB0BA34-354C-4F5B-A31D-E08ABCB7E217}.Release|x64.ActiveCfg = Release|x64
		{AEB0BA34-354C-4F5B-A31D-E08ABCB7E217}.Release|x64.Build.0 = Release|x64
	EndGlobalSection
	GlobalSection(SolutionProperties) = preSolution
		HideSolutionNode = FALSE
	EndGlobalSection
EndGlobal
