
Microsoft Visual Studio Solution File, Format Version 12.00
# Visual Studio 2013
VisualStudioVersion = 12.0.31101.0
MinimumVisualStudioVersion = 10.0.40219.1
Project("{8BC9CEB8-8B4A-11D0-8D11-00A0C91BC942}") = "150613_OpenMS3D", "150613_OpenMS3D\150613_OpenMS3D.vcxproj", "{5EE75228-646B-43E5-B72C-FD25A6485C5D}"
EndProject
Project("{8BC9CEB8-8B4A-11D0-8D11-00A0C91BC942}") = "150618_drawBowlModel", "150618_drawBowlModel\150618_drawBowlModel.vcxproj", "{D3E90935-5B2C-405D-8888-306F3C9BA8D1}"
EndProject
Project("{8BC9CEB8-8B4A-11D0-8D11-00A0C91BC942}") = "150618_WorldMap", "150618_WorldMap\150618_WorldMap.vcxproj", "{4B764FF7-42FD-48D3-875D-38827ADA23F5}"
EndProject
Project("{8BC9CEB8-8B4A-11D0-8D11-00A0C91BC942}") = "150624_testModel", "150624_testModel\150624_testModel.vcxproj", "{F5875CCA-B575-4E90-A845-B28DCE17D1A7}"
EndProject
Project("{8BC9CEB8-8B4A-11D0-8D11-00A0C91BC942}") = "150625_ModelWithMap", "150625_ModelWithMap\150625_ModelWithMap.vcxproj", "{4141EE9A-972D-43E7-AFDB-2FD40FD86A60}"
EndProject
Project("{8BC9CEB8-8B4A-11D0-8D11-00A0C91BC942}") = "150625_testMap", "150625_testMap\150625_testMap.vcxproj", "{74E59528-A8DD-4272-A737-638768D4BF78}"
EndProject
Project("{8BC9CEB8-8B4A-11D0-8D11-00A0C91BC942}") = "150630_testLookAt", "150630_testLookAt\150630_testLookAt.vcxproj", "{A4B5109E-D306-47EB-AE27-B926D63EE197}"
EndProject
Project("{8BC9CEB8-8B4A-11D0-8D11-00A0C91BC942}") = "150701_MouseEvent", "150701_MouseEvent\150701_MouseEvent.vcxproj", "{B03934D8-9B10-4F9E-9F36-464EA2CEC2BA}"
EndProject
Global
	GlobalSection(SolutionConfigurationPlatforms) = preSolution
		Debug|Win32 = Debug|Win32
		Release|Win32 = Release|Win32
	EndGlobalSection
	GlobalSection(ProjectConfigurationPlatforms) = postSolution
		{5EE75228-646B-43E5-B72C-FD25A6485C5D}.Debug|Win32.ActiveCfg = Debug|Win32
		{5EE75228-646B-43E5-B72C-FD25A6485C5D}.Debug|Win32.Build.0 = Debug|Win32
		{5EE75228-646B-43E5-B72C-FD25A6485C5D}.Release|Win32.ActiveCfg = Release|Win32
		{5EE75228-646B-43E5-B72C-FD25A6485C5D}.Release|Win32.Build.0 = Release|Win32
		{D3E90935-5B2C-405D-8888-306F3C9BA8D1}.Debug|Win32.ActiveCfg = Debug|Win32
		{D3E90935-5B2C-405D-8888-306F3C9BA8D1}.Debug|Win32.Build.0 = Debug|Win32
		{D3E90935-5B2C-405D-8888-306F3C9BA8D1}.Release|Win32.ActiveCfg = Release|Win32
		{D3E90935-5B2C-405D-8888-306F3C9BA8D1}.Release|Win32.Build.0 = Release|Win32
		{4B764FF7-42FD-48D3-875D-38827ADA23F5}.Debug|Win32.ActiveCfg = Debug|Win32
		{4B764FF7-42FD-48D3-875D-38827ADA23F5}.Debug|Win32.Build.0 = Debug|Win32
		{4B764FF7-42FD-48D3-875D-38827ADA23F5}.Release|Win32.ActiveCfg = Release|Win32
		{4B764FF7-42FD-48D3-875D-38827ADA23F5}.Release|Win32.Build.0 = Release|Win32
		{F5875CCA-B575-4E90-A845-B28DCE17D1A7}.Debug|Win32.ActiveCfg = Debug|Win32
		{F5875CCA-B575-4E90-A845-B28DCE17D1A7}.Debug|Win32.Build.0 = Debug|Win32
		{F5875CCA-B575-4E90-A845-B28DCE17D1A7}.Release|Win32.ActiveCfg = Release|Win32
		{F5875CCA-B575-4E90-A845-B28DCE17D1A7}.Release|Win32.Build.0 = Release|Win32
		{4141EE9A-972D-43E7-AFDB-2FD40FD86A60}.Debug|Win32.ActiveCfg = Debug|Win32
		{4141EE9A-972D-43E7-AFDB-2FD40FD86A60}.Debug|Win32.Build.0 = Debug|Win32
		{4141EE9A-972D-43E7-AFDB-2FD40FD86A60}.Release|Win32.ActiveCfg = Release|Win32
		{4141EE9A-972D-43E7-AFDB-2FD40FD86A60}.Release|Win32.Build.0 = Release|Win32
		{74E59528-A8DD-4272-A737-638768D4BF78}.Debug|Win32.ActiveCfg = Debug|Win32
		{74E59528-A8DD-4272-A737-638768D4BF78}.Debug|Win32.Build.0 = Debug|Win32
		{74E59528-A8DD-4272-A737-638768D4BF78}.Release|Win32.ActiveCfg = Release|Win32
		{74E59528-A8DD-4272-A737-638768D4BF78}.Release|Win32.Build.0 = Release|Win32
		{A4B5109E-D306-47EB-AE27-B926D63EE197}.Debug|Win32.ActiveCfg = Debug|Win32
		{A4B5109E-D306-47EB-AE27-B926D63EE197}.Debug|Win32.Build.0 = Debug|Win32
		{A4B5109E-D306-47EB-AE27-B926D63EE197}.Release|Win32.ActiveCfg = Release|Win32
		{A4B5109E-D306-47EB-AE27-B926D63EE197}.Release|Win32.Build.0 = Release|Win32
		{B03934D8-9B10-4F9E-9F36-464EA2CEC2BA}.Debug|Win32.ActiveCfg = Debug|Win32
		{B03934D8-9B10-4F9E-9F36-464EA2CEC2BA}.Debug|Win32.Build.0 = Debug|Win32
		{B03934D8-9B10-4F9E-9F36-464EA2CEC2BA}.Release|Win32.ActiveCfg = Release|Win32
		{B03934D8-9B10-4F9E-9F36-464EA2CEC2BA}.Release|Win32.Build.0 = Release|Win32
	EndGlobalSection
	GlobalSection(SolutionProperties) = preSolution
		HideSolutionNode = FALSE
	EndGlobalSection
EndGlobal
