<?xml version="1.0" encoding="utf-8"?>
<Project ToolsVersion="4.0" xmlns="http://schemas.microsoft.com/developer/msbuild/2003">
  <ItemGroup>
    <Filter Include="BasicFunction">
      <UniqueIdentifier>{1fbed639-ad80-468a-87e7-0efe6760d97f}</UniqueIdentifier>
    </Filter>
    <Filter Include="Mosaic">
      <UniqueIdentifier>{2dad7ba3-3e25-4908-808c-95a86ce56fea}</UniqueIdentifier>
    </Filter>
  </ItemGroup>
  <ItemGroup>
    <ClInclude Include="CNormalLens.h">
      <Filter>BasicFunction</Filter>
    </ClInclude>
    <ClInclude Include="opencv.h" />
    <ClInclude Include="GPU_kernel.h">
      <Filter>BasicFunction</Filter>
    </ClInclude>
    <ClInclude Include="CFisheyeLens.h">
      <Filter>BasicFunction</Filter>
    </ClInclude>
    <ClInclude Include="CSurroundView.h">
      <Filter>Mosaic</Filter>
    </ClInclude>
  </ItemGroup>
  <ItemGroup>
    <ClCompile Include="CNormalLens.cpp">
      <Filter>BasicFunction</Filter>
    </ClCompile>
    <ClCompile Include="main.cpp" />
    <ClCompile Include="CFisheyeLens.cpp">
      <Filter>BasicFunction</Filter>
    </ClCompile>
    <ClCompile Include="CSurroundView.cpp">
      <Filter>Mosaic</Filter>
    </ClCompile>
  </ItemGroup>
  <ItemGroup>
    <CudaCompile Include="GPU_kernel.cu">
      <Filter>BasicFunction</Filter>
    </CudaCompile>
  </ItemGroup>
</Project>